<?xml version="1.0" encoding="utf-8"?>
<Project ToolsVersion="4.0" xmlns="http://schemas.microsoft.com/developer/msbuild/2003">
  <ItemGroup>
    <Filter Include="Source Files">
      <UniqueIdentifier>{4FC737F1-C7A5-4376-A066-2A32D752A2FF}</UniqueIdentifier>
      <Extensions>cpp;c;cc;cxx;c++;cppm;ixx;def;odl;idl;hpj;bat;asm;asmx</Extensions>
    </Filter>
    <Filter Include="Header Files">
      <UniqueIdentifier>{93995380-89BD-4b04-88EB-625FBE52EBFB}</UniqueIdentifier>
      <Extensions>h;hh;hpp;hxx;h++;hm;inl;inc;ipp;xsd</Extensions>
    </Filter>
    <Filter Include="Resource Files">
      <UniqueIdentifier>{67DA6AB6-F800-4c08-8B7A-83BB121AAD01}</UniqueIdentifier>
      <Extensions>rc;ico;cur;bmp;dlg;rc2;rct;bin;rgs;gif;jpg;jpeg;jpe;resx;tiff;tif;png;wav;mfcribbon-ms</Extensions>
    </Filter>
  </ItemGroup>
  <ItemGroup>
    <ClInclude Include="Config.h">
      <Filter>Header Files</Filter>
    </ClInclude>
    <ClInclude Include="Core.h">
      <Filter>Header Files</Filter>
    </ClInclude>
    <ClInclude Include="Global.h">
      <Filter>Header Files</Filter>
    </ClInclude>
    <ClInclude Include="IDMapping.h">
      <Filter>Header Files</Filter>
    </ClInclude>
    <ClInclude Include="Language.h">
      <Filter>Header Files</Filter>
    </ClInclude>
    <ClInclude Include="Logging.h">
      <Filter>Header Files</Filter>
    </ClInclude>
    <ClInclude Include="PowerPlus.h">
      <Filter>Header Files</Filter>
    </ClInclude>
    <ClInclude Include="PowerPlusDlg.h">
      <Filter>Header Files</Filter>
    </ClInclude>
    <ClInclude Include="Resource.h">
      <Filter>Header Files</Filter>
    </ClInclude>
    <ClInclude Include="Resource2.h">
      <Filter>Header Files</Filter>
    </ClInclude>
    <ClInclude Include="stdafx.h">
      <Filter>Header Files</Filter>
    </ClInclude>
    <ClInclude Include="targetver.h">
      <Filter>Header Files</Filter>
    </ClInclude>
    <ClInclude Include="PowerPlus.inl">
      <Filter>Header Files</Filter>
    </ClInclude>
    <ClInclude Include="Logging_pub.h">
      <Filter>Header Files</Filter>
    </ClInclude>
    <ClInclude Include="Framework\SDialog.h">
      <Filter>Header Files</Filter>
    </ClInclude>
    <ClInclude Include="Framework\SElements.h">
      <Filter>Header Files</Filter>
    </ClInclude>
    <ClInclude Include="Framework\SWinApp.h">
      <Filter>Header Files</Filter>
    </ClInclude>
    <ClInclude Include="Components\CellRange.h">
      <Filter>Header Files</Filter>
    </ClInclude>
    <ClInclude Include="Components\GridCell.h">
      <Filter>Header Files</Filter>
    </ClInclude>
    <ClInclude Include="Components\GridCellBase.h">
      <Filter>Header Files</Filter>
    </ClInclude>
    <ClInclude Include="Components\GridCellCheck.h">
      <Filter>Header Files</Filter>
    </ClInclude>
    <ClInclude Include="Components\GridCtrl.h">
      <Filter>Header Files</Filter>
    </ClInclude>
    <ClInclude Include="Components\InPlaceEdit.h">
      <Filter>Header Files</Filter>
    </ClInclude>
    <ClInclude Include="Components\MemDC.h">
      <Filter>Header Files</Filter>
    </ClInclude>
    <ClInclude Include="Components\TitleTip.h">
      <Filter>Header Files</Filter>
    </ClInclude>
    <ClInclude Include="Dialogs\AboutDlg.h">
      <Filter>Header Files</Filter>
    </ClInclude>
    <ClInclude Include="Dialogs\CustomMsgDlg.h">
      <Filter>Header Files</Filter>
    </ClInclude>
    <ClInclude Include="Dialogs\DebugTestDlg.h">
      <Filter>Header Files</Filter>
    </ClInclude>
    <ClInclude Include="Dialogs\EditScheduleDlg.h">
      <Filter>Header Files</Filter>
    </ClInclude>
    <ClInclude Include="Dialogs\HelpDlg.h">
      <Filter>Header Files</Filter>
    </ClInclude>
    <ClInclude Include="Dialogs\HotkeySetDlg.h">
      <Filter>Header Files</Filter>
    </ClInclude>
    <ClInclude Include="Dialogs\LogViewerDlg.h">
      <Filter>Header Files</Filter>
    </ClInclude>
    <ClInclude Include="Dialogs\MultiScheduleDlg.h">
      <Filter>Header Files</Filter>
    </ClInclude>
    <ClInclude Include="Dialogs\PwrReminderDlg.h">
      <Filter>Header Files</Filter>
    </ClInclude>
    <ClInclude Include="Dialogs\ReminderMsgDlg.h">
      <Filter>Header Files</Filter>
    </ClInclude>
    <ClInclude Include="Dialogs\RmdRepeatSetDlg.h">
      <Filter>Header Files</Filter>
    </ClInclude>
  </ItemGroup>
  <ItemGroup>
    <ClCompile Include="Config.cpp">
      <Filter>Source Files</Filter>
    </ClCompile>
    <ClCompile Include="Core.cpp">
      <Filter>Source Files</Filter>
    </ClCompile>
    <ClCompile Include="IDMapping.cpp">
      <Filter>Source Files</Filter>
    </ClCompile>
    <ClCompile Include="Logging.cpp">
      <Filter>Source Files</Filter>
    </ClCompile>
    <ClCompile Include="PowerPlus.cpp">
      <Filter>Source Files</Filter>
    </ClCompile>
    <ClCompile Include="PowerPlusDlg.cpp">
      <Filter>Source Files</Filter>
    </ClCompile>
    <ClCompile Include="PowerPlusDlgFunc.cpp">
      <Filter>Source Files</Filter>
    </ClCompile>
    <ClCompile Include="stdafx.cpp">
      <Filter>Source Files</Filter>
    </ClCompile>
    <ClCompile Include="Global.cpp">
      <Filter>Source Files</Filter>
    </ClCompile>
    <ClCompile Include="Components\GridCell.cpp">
      <Filter>Source Files</Filter>
    </ClCompile>
    <ClCompile Include="Components\GridCellBase.cpp">
      <Filter>Source Files</Filter>
    </ClCompile>
    <ClCompile Include="Components\GridCellCheck.cpp">
      <Filter>Source Files</Filter>
    </ClCompile>
    <ClCompile Include="Components\GridCtrl.cpp">
      <Filter>Source Files</Filter>
    </ClCompile>
    <ClCompile Include="Components\InPlaceEdit.cpp">
      <Filter>Source Files</Filter>
    </ClCompile>
    <ClCompile Include="Components\TitleTip.cpp">
      <Filter>Source Files</Filter>
    </ClCompile>
    <ClCompile Include="Dialogs\AboutDlg.cpp">
      <Filter>Source Files</Filter>
    </ClCompile>
    <ClCompile Include="Dialogs\CustomMsgDlg.cpp">
      <Filter>Source Files</Filter>
    </ClCompile>
    <ClCompile Include="Dialogs\DebugTestDlg.cpp">
      <Filter>Source Files</Filter>
    </ClCompile>
    <ClCompile Include="Dialogs\EditScheduleDlg.cpp">
      <Filter>Source Files</Filter>
    </ClCompile>
    <ClCompile Include="Dialogs\HelpDlg.cpp">
      <Filter>Source Files</Filter>
    </ClCompile>
    <ClCompile Include="Dialogs\HotkeySetDlg.cpp">
      <Filter>Source Files</Filter>
    </ClCompile>
    <ClCompile Include="Dialogs\LogViewerDlg.cpp">
      <Filter>Source Files</Filter>
    </ClCompile>
    <ClCompile Include="Dialogs\MultiScheduleDlg.cpp">
      <Filter>Source Files</Filter>
    </ClCompile>
    <ClCompile Include="Dialogs\PwrReminderDlg.cpp">
      <Filter>Source Files</Filter>
    </ClCompile>
    <ClCompile Include="Dialogs\ReminderMsgDlg.cpp">
      <Filter>Source Files</Filter>
    </ClCompile>
    <ClCompile Include="Dialogs\RmdRepeatSetDlg.cpp">
      <Filter>Source Files</Filter>
    </ClCompile>
    <ClCompile Include="Framework\SDialog.cpp">
      <Filter>Source Files</Filter>
    </ClCompile>
    <ClCompile Include="Framework\SElements.cpp">
      <Filter>Source Files</Filter>
    </ClCompile>
    <ClCompile Include="Framework\SWinApp.cpp">
      <Filter>Source Files</Filter>
    </ClCompile>
  </ItemGroup>
  <ItemGroup>
    <ResourceCompile Include="PowerPlus.rc">
      <Filter>Resource Files</Filter>
    </ResourceCompile>
  </ItemGroup>
  <ItemGroup>
    <None Include="res\PowerPlus.rc2">
      <Filter>Resource Files</Filter>
    </None>
  </ItemGroup>
  <ItemGroup>
    <Image Include="res\PowerPlus.ico">
      <Filter>Resource Files</Filter>
    </Image>
  </ItemGroup>
  <ItemGroup>
    <Text Include="ReadMe.txt" />
  </ItemGroup>
  <ItemGroup>
    <Manifest Include="PowerPlus3.exe.manifest" />
  </ItemGroup>
</Project>