<?xml version="1.0" encoding="utf-8"?>
<Project ToolsVersion="4.0" xmlns="http://schemas.microsoft.com/developer/msbuild/2003">
  <ItemGroup>
    <Filter Include="Source Files">
      <UniqueIdentifier>{4FC737F1-C7A5-4376-A066-2A32D752A2FF}</UniqueIdentifier>
      <Extensions>cpp;c;cc;cxx;c++;cppm;ixx;def;odl;idl;hpj;bat;asm;asmx</Extensions>
    </Filter>
    <Filter Include="Header Files">
      <UniqueIdentifier>{93995380-89BD-4b04-88EB-625FBE52EBFB}</UniqueIdentifier>
      <Extensions>h;hh;hpp;hxx;h++;hm;inl;inc;ipp;xsd</Extensions>
    </Filter>
    <Filter Include="Resource Files">
      <UniqueIdentifier>{67DA6AB6-F800-4c08-8B7A-83BB121AAD01}</UniqueIdentifier>
      <Extensions>rc;ico;cur;bmp;dlg;rc2;rct;bin;rgs;gif;jpg;jpeg;jpe;resx;tiff;tif;png;txt;hlps;wav;mfcribbon-ms</Extensions>
    </Filter>
  </ItemGroup>
  <ItemGroup>
    <ClInclude Include="Resource.h">
      <Filter>Header Files</Filter>
    </ClInclude>
    <ClInclude Include="Resource2.h">
      <Filter>Header Files</Filter>
    </ClInclude>
    <ClInclude Include="stdafx.h">
      <Filter>Header Files</Filter>
    </ClInclude>
    <ClInclude Include="targetver.h">
      <Filter>Header Files</Filter>
    </ClInclude>
    <ClInclude Include="include\AppCore\AppCore.h">
      <Filter>Header Files</Filter>
    </ClInclude>
    <ClInclude Include="include\AppCore\Config.h">
      <Filter>Header Files</Filter>
    </ClInclude>
    <ClInclude Include="include\AppCore\Global.h">
      <Filter>Header Files</Filter>
    </ClInclude>
    <ClInclude Include="include\AppCore\IDMapping.h">
      <Filter>Header Files</Filter>
    </ClInclude>
    <ClInclude Include="include\AppCore\Language.h">
      <Filter>Header Files</Filter>
    </ClInclude>
    <ClInclude Include="include\AppCore\Logging.h">
      <Filter>Header Files</Filter>
    </ClInclude>
    <ClInclude Include="include\AppCore\Logging_pub.h">
      <Filter>Header Files</Filter>
    </ClInclude>
    <ClInclude Include="include\AppCore\MapTable.h">
      <Filter>Header Files</Filter>
    </ClInclude>
    <ClInclude Include="include\Components\GridCtrl\CellRange.h">
      <Filter>Header Files</Filter>
    </ClInclude>
    <ClInclude Include="include\Components\GridCtrl\GridCell.h">
      <Filter>Header Files</Filter>
    </ClInclude>
    <ClInclude Include="include\Components\GridCtrl\GridCellBase.h">
      <Filter>Header Files</Filter>
    </ClInclude>
    <ClInclude Include="include\Components\GridCtrl\GridCellCheck.h">
      <Filter>Header Files</Filter>
    </ClInclude>
    <ClInclude Include="include\Components\GridCtrl\GridCtrl.h">
      <Filter>Header Files</Filter>
    </ClInclude>
    <ClInclude Include="include\Components\GridCtrl\InPlaceEdit.h">
      <Filter>Header Files</Filter>
    </ClInclude>
    <ClInclude Include="include\Components\GridCtrl\MemDC.h">
      <Filter>Header Files</Filter>
    </ClInclude>
    <ClInclude Include="include\Components\GridCtrl\TitleTip.h">
      <Filter>Header Files</Filter>
    </ClInclude>
    <ClInclude Include="include\Dialogs\AboutDlg.h">
      <Filter>Header Files</Filter>
    </ClInclude>
    <ClInclude Include="include\Dialogs\CustomMsgDlg.h">
      <Filter>Header Files</Filter>
    </ClInclude>
    <ClInclude Include="include\Dialogs\DebugTestDlg.h">
      <Filter>Header Files</Filter>
    </ClInclude>
    <ClInclude Include="include\Dialogs\EditScheduleDlg.h">
      <Filter>Header Files</Filter>
    </ClInclude>
    <ClInclude Include="include\Dialogs\HelpDlg.h">
      <Filter>Header Files</Filter>
    </ClInclude>
    <ClInclude Include="include\Dialogs\HotkeySetDlg.h">
      <Filter>Header Files</Filter>
    </ClInclude>
    <ClInclude Include="include\Dialogs\LogViewerDlg.h">
      <Filter>Header Files</Filter>
    </ClInclude>
    <ClInclude Include="include\Dialogs\MultiScheduleDlg.h">
      <Filter>Header Files</Filter>
    </ClInclude>
    <ClInclude Include="include\Dialogs\PwrReminderDlg.h">
      <Filter>Header Files</Filter>
    </ClInclude>
    <ClInclude Include="include\Dialogs\ReminderMsgDlg.h">
      <Filter>Header Files</Filter>
    </ClInclude>
    <ClInclude Include="include\Dialogs\RmdRepeatSetDlg.h">
      <Filter>Header Files</Filter>
    </ClInclude>
    <ClInclude Include="include\Framework\SDialog.h">
      <Filter>Header Files</Filter>
    </ClInclude>
    <ClInclude Include="include\Framework\SElements.h">
      <Filter>Header Files</Filter>
    </ClInclude>
    <ClInclude Include="include\Framework\SWinApp.h">
      <Filter>Header Files</Filter>
    </ClInclude>
    <ClInclude Include="include\PowerPlus.h">
      <Filter>Header Files</Filter>
    </ClInclude>
    <ClInclude Include="include\PowerPlusDlg.h">
      <Filter>Header Files</Filter>
    </ClInclude>
  </ItemGroup>
  <ItemGroup>
    <ClInclude Include="include\AppCore.inl">
      <Filter>Header Files</Filter>
    </ClInclude>
    <ClInclude Include="include\AppCore\Global.inl">
      <Filter>Header Files</Filter>
    </ClInclude>
    <ClInclude Include="include\AppCore\Logging.inl">
      <Filter>Header Files</Filter>
    </ClInclude>
    <ClInclude Include="include\Dialogs\Dialogs.inl">
      <Filter>Header Files</Filter>
    </ClInclude>
    <ClInclude Include="include\Framework\Framework.inl">
      <Filter>Header Files</Filter>
    </ClInclude>
  </ItemGroup>
  <ItemGroup>
    <ClCompile Include="stdafx.cpp">
      <Filter>Source Files</Filter>
    </ClCompile>
    <ClCompile Include="source\AppCore\AppCore.cpp">
      <Filter>Source Files</Filter>
    </ClCompile>
    <ClCompile Include="source\AppCore\Config.cpp">
      <Filter>Source Files</Filter>
    </ClCompile>
    <ClCompile Include="source\AppCore\Global.cpp">
      <Filter>Source Files</Filter>
    </ClCompile>
    <ClCompile Include="source\AppCore\IDMapping.cpp">
      <Filter>Source Files</Filter>
    </ClCompile>
    <ClCompile Include="source\AppCore\Logging.cpp">
      <Filter>Source Files</Filter>
    </ClCompile>
    <ClCompile Include="source\AppCore\MapTable.cpp">
      <Filter>Source Files</Filter>
    </ClCompile>
    <ClCompile Include="source\Components\GridCtrl\GridCell.cpp">
      <Filter>Source Files</Filter>
    </ClCompile>
    <ClCompile Include="source\Components\GridCtrl\GridCellBase.cpp">
      <Filter>Source Files</Filter>
    </ClCompile>
    <ClCompile Include="source\Components\GridCtrl\GridCellCheck.cpp">
      <Filter>Source Files</Filter>
    </ClCompile>
    <ClCompile Include="source\Components\GridCtrl\GridCtrl.cpp">
      <Filter>Source Files</Filter>
    </ClCompile>
    <ClCompile Include="source\Components\GridCtrl\InPlaceEdit.cpp">
      <Filter>Source Files</Filter>
    </ClCompile>
    <ClCompile Include="source\Components\GridCtrl\TitleTip.cpp">
      <Filter>Source Files</Filter>
    </ClCompile>
    <ClCompile Include="source\Dialogs\AboutDlg.cpp">
      <Filter>Source Files</Filter>
    </ClCompile>
    <ClCompile Include="source\Dialogs\CustomMsgDlg.cpp">
      <Filter>Source Files</Filter>
    </ClCompile>
    <ClCompile Include="source\Dialogs\DebugTestDlg.cpp">
      <Filter>Source Files</Filter>
    </ClCompile>
    <ClCompile Include="source\Dialogs\EditScheduleDlg.cpp">
      <Filter>Source Files</Filter>
    </ClCompile>
    <ClCompile Include="source\Dialogs\HelpDlg.cpp">
      <Filter>Source Files</Filter>
    </ClCompile>
    <ClCompile Include="source\Dialogs\HotkeySetDlg.cpp">
      <Filter>Source Files</Filter>
    </ClCompile>
    <ClCompile Include="source\Dialogs\LogViewerDlg.cpp">
      <Filter>Source Files</Filter>
    </ClCompile>
    <ClCompile Include="source\Dialogs\MultiScheduleDlg.cpp">
      <Filter>Source Files</Filter>
    </ClCompile>
    <ClCompile Include="source\Dialogs\PwrReminderDlg.cpp">
      <Filter>Source Files</Filter>
    </ClCompile>
    <ClCompile Include="source\Dialogs\ReminderMsgDlg.cpp">
      <Filter>Source Files</Filter>
    </ClCompile>
    <ClCompile Include="source\Dialogs\RmdRepeatSetDlg.cpp">
      <Filter>Source Files</Filter>
    </ClCompile>
    <ClCompile Include="source\Framework\SDialog.cpp">
      <Filter>Source Files</Filter>
    </ClCompile>
    <ClCompile Include="source\Framework\SElements.cpp">
      <Filter>Source Files</Filter>
    </ClCompile>
    <ClCompile Include="source\Framework\SWinApp.cpp">
      <Filter>Source Files</Filter>
    </ClCompile>
    <ClCompile Include="source\PowerPlus.cpp">
      <Filter>Source Files</Filter>
    </ClCompile>
    <ClCompile Include="source\PowerPlusDlg.cpp">
      <Filter>Source Files</Filter>
    </ClCompile>
    <ClCompile Include="source\PowerPlusDlgFunc.cpp">
      <Filter>Source Files</Filter>
    </ClCompile>
  </ItemGroup>
  <ItemGroup>
    <ResourceCompile Include="PowerPlus3.rc">
      <Filter>Resource Files</Filter>
    </ResourceCompile>
  </ItemGroup>
  <ItemGroup>
    <None Include="res\PowerPlus3.rc2">
      <Filter>Resource Files</Filter>
    </None>
  </ItemGroup>
  <ItemGroup>
    <Image Include="res\icon\power-plus-app.ico">
      <Filter>Resource Files</Filter>
    </Image>
    <Image Include="res\icon\about-big.ico">
      <Filter>Resource Files</Filter>
    </Image>
    <Image Include="res\icon\about-small.ico">
      <Filter>Resource Files</Filter>
    </Image>
    <Image Include="res\icon\help-big.ico">
      <Filter>Resource Files</Filter>
    </Image>
    <Image Include="res\icon\help-small.ico">
      <Filter>Resource Files</Filter>
    </Image>
    <Image Include="res\icon\ok-big.ico">
      <Filter>Resource Files</Filter>
    </Image>
    <Image Include="res\icon\ok-small.ico">
      <Filter>Resource Files</Filter>
    </Image>
    <Image Include="res\icon\cancel-small.ico">
      <Filter>Resource Files</Filter>
    </Image>
    <Image Include="res\icon\collapse.ico">
      <Filter>Resource Files</Filter>
    </Image>
    <Image Include="res\icon\repeat.ico">
      <Filter>Resource Files</Filter>
    </Image>
    <Image Include="res\icon\power-bold.ico">
      <Filter>Resource Files</Filter>
    </Image>
    <Image Include="res\icon\power-slim.ico">
      <Filter>Resource Files</Filter>
    </Image>
    <Image Include="res\icon\draft.ico">
      <Filter>Resource Files</Filter>
    </Image>
    <Image Include="res\icon\default-big.ico">
      <Filter>Resource Files</Filter>
    </Image>
    <Image Include="res\icon\default-small.ico">
      <Filter>Resource Files</Filter>
    </Image>
    <Image Include="res\icon\cancel-big.ico">
      <Filter>Resource Files</Filter>
    </Image>
    <Image Include="res\icon\reload-big.ico">
      <Filter>Resource Files</Filter>
    </Image>
    <Image Include="res\icon\reload-small.ico">
      <Filter>Resource Files</Filter>
    </Image>
    <Image Include="res\icon\arrow-up-big.ico">
      <Filter>Resource Files</Filter>
    </Image>
    <Image Include="res\icon\arrow-up-small.ico">
      <Filter>Resource Files</Filter>
    </Image>
    <Image Include="res\icon\arrow-down-big.ico">
      <Filter>Resource Files</Filter>
    </Image>
    <Image Include="res\icon\arrow-down-small.ico">
      <Filter>Resource Files</Filter>
    </Image>
  </ItemGroup>
  <ItemGroup>
    <Text Include="res\txt\help-eng.hlps">
      <Filter>Resource Files</Filter>
    </Text>
    <Text Include="res\txt\change-log-eng.hlps">
      <Filter>Resource Files</Filter>
    </Text>
    <Text Include="res\txt\help-vie.hlps">
      <Filter>Resource Files</Filter>
    </Text>
    <Text Include="res\txt\change-log-vie.hlps">
      <Filter>Resource Files</Filter>
    </Text>
    <Text Include="res\txt\help-chs.hlps">
      <Filter>Resource Files</Filter>
    </Text>
    <Text Include="res\txt\change-log-chs.hlps">
      <Filter>Resource Files</Filter>
    </Text>
    <Text Include="res\txt\debug-cmd-list.hlps">
      <Filter>Resource Files</Filter>
    </Text>
  </ItemGroup>
  <ItemGroup>
    <Manifest Include="PowerPlus3.exe.manifest" />
  </ItemGroup>
</Project>