<?xml version="1.0" encoding="utf-8"?>
<Project ToolsVersion="4.0" xmlns="http://schemas.microsoft.com/developer/msbuild/2003">
  <ItemGroup>
    <Filter Include="Source Files">
      <UniqueIdentifier>{4FC737F1-C7A5-4376-A066-2A32D752A2FF}</UniqueIdentifier>
      <Extensions>cpp;c;cc;cxx;c++;cppm;ixx;def;odl;idl;hpj;bat;asm;asmx</Extensions>
    </Filter>
    <Filter Include="Header Files">
      <UniqueIdentifier>{93995380-89BD-4b04-88EB-625FBE52EBFB}</UniqueIdentifier>
      <Extensions>h;hh;hpp;hxx;h++;hm;inl;inc;ipp;xsd</Extensions>
    </Filter>
    <Filter Include="Resource Files">
      <UniqueIdentifier>{67DA6AB6-F800-4c08-8B7A-83BB121AAD01}</UniqueIdentifier>
      <Extensions>rc;ico;cur;bmp;dlg;rc2;rct;bin;rgs;gif;jpg;jpeg;jpe;resx;tiff;tif;png;txt;hlps;wav;mfcribbon-ms</Extensions>
    </Filter>
  </ItemGroup>
  <ItemGroup>
    <ClInclude Include="../include/AppBase/AppBase.h">
      <Filter>Header Files</Filter>
    </ClInclude>
    <ClInclude Include="../include/AppBase/AppCommon.h">
      <Filter>Header Files</Filter>
    </ClInclude>
    <ClInclude Include="../include/AppBase/AppConstants.h">
      <Filter>Header Files</Filter>
    </ClInclude>
    <ClInclude Include="../include/AppBase/AppMacros.h">
      <Filter>Header Files</Filter>
    </ClInclude>
    <ClInclude Include="../include/AppBase/Resource.h">
      <Filter>Header Files</Filter>
    </ClInclude>
    <ClInclude Include="../include/AppBase/Resource2.h">
      <Filter>Header Files</Filter>
    </ClInclude>
    <ClInclude Include="../include/AppBase/WinApp.h">
      <Filter>Header Files</Filter>
    </ClInclude>
    <ClInclude Include="../include/AppCore/AppCore.h">
      <Filter>Header Files</Filter>
    </ClInclude>
    <ClInclude Include="../include/AppCore/Global.h">
      <Filter>Header Files</Filter>
    </ClInclude>
    <ClInclude Include="../include/AppCore/IDManager.h">
      <Filter>Header Files</Filter>
    </ClInclude>
    <ClInclude Include="../include/AppCore/Language.h">
      <Filter>Header Files</Filter>
    </ClInclude>
    <ClInclude Include="../include/AppCore/Logging.h">
      <Filter>Header Files</Filter>
    </ClInclude>
    <ClInclude Include="../include/AppCore/Logging_defs.h">
      <Filter>Header Files</Filter>
    </ClInclude>
    <ClInclude Include="../include/AppCore/MapTable.h">
      <Filter>Header Files</Filter>
    </ClInclude>
    <ClInclude Include="../include/AppCore/Serialization.h">
      <Filter>Header Files</Filter>
    </ClInclude>
    <ClInclude Include="../include/AppCore/Serialization_defs.h">
      <Filter>Header Files</Filter>
    </ClInclude>
    <ClInclude Include="../include/Components/GridCtrl/CellRange.h">
      <Filter>Header Files</Filter>
    </ClInclude>
    <ClInclude Include="../include/Components/GridCtrl/GridCell.h">
      <Filter>Header Files</Filter>
    </ClInclude>
    <ClInclude Include="../include/Components/GridCtrl/GridCellBase.h">
      <Filter>Header Files</Filter>
    </ClInclude>
    <ClInclude Include="../include/Components/GridCtrl/GridCellCheck.h">
      <Filter>Header Files</Filter>
    </ClInclude>
    <ClInclude Include="../include/Components/GridCtrl/GridCtrl.h">
      <Filter>Header Files</Filter>
    </ClInclude>
    <ClInclude Include="../include/Components/GridCtrl/InPlaceEdit.h">
      <Filter>Header Files</Filter>
    </ClInclude>
    <ClInclude Include="../include/Components/GridCtrl/MemDC.h">
      <Filter>Header Files</Filter>
    </ClInclude>
    <ClInclude Include="../include/Components/GridCtrl/TitleTip.h">
      <Filter>Header Files</Filter>
    </ClInclude>
    <ClInclude Include="../include/Dialogs/AboutDlg.h">
      <Filter>Header Files</Filter>
    </ClInclude>
    <ClInclude Include="../include/Dialogs/CustomMsgDlg.h">
      <Filter>Header Files</Filter>
    </ClInclude>
    <ClInclude Include="../include/Dialogs/DebugTestDlg.h">
      <Filter>Header Files</Filter>
    </ClInclude>
    <ClInclude Include="../include/Dialogs/DebugTestV2Dlg.h">
      <Filter>Header Files</Filter>
    </ClInclude>
    <ClInclude Include="../include/Dialogs/EditScheduleDlg.h">
      <Filter>Header Files</Filter>
    </ClInclude>
    <ClInclude Include="../include/Dialogs/HelpDlg.h">
      <Filter>Header Files</Filter>
    </ClInclude>
    <ClInclude Include="../include/Dialogs/HotkeySetDlg.h">
      <Filter>Header Files</Filter>
    </ClInclude>
    <ClInclude Include="../include/Dialogs/LogViewerDlg.h">
      <Filter>Header Files</Filter>
    </ClInclude>
    <ClInclude Include="../include/Dialogs/MultiScheduleDlg.h">
      <Filter>Header Files</Filter>
    </ClInclude>
    <ClInclude Include="../include/Dialogs/PwrReminderDlg.h">
      <Filter>Header Files</Filter>
    </ClInclude>
    <ClInclude Include="../include/Dialogs/ReminderMsgDlg.h">
      <Filter>Header Files</Filter>
    </ClInclude>
    <ClInclude Include="../include/Dialogs/RmdRepeatSetDlg.h">
      <Filter>Header Files</Filter>
    </ClInclude>
    <ClInclude Include="../include/Framework/SDialog.h">
      <Filter>Header Files</Filter>
    </ClInclude>
    <ClInclude Include="../include/Framework/SElements.h">
      <Filter>Header Files</Filter>
    </ClInclude>
    <ClInclude Include="../include/Framework/SWinApp.h">
      <Filter>Header Files</Filter>
    </ClInclude>
    <ClInclude Include="../include/MainApp/PowerPlus.h">
      <Filter>Header Files</Filter>
    </ClInclude>
    <ClInclude Include="../include/MainApp/PowerPlusDlg.h">
      <Filter>Header Files</Filter>
    </ClInclude>
    <ClInclude Include="../include/AppCore/AppCore.inl">
      <Filter>Header Files</Filter>
    </ClInclude>
  </ItemGroup>
  <ItemGroup>
    <ClInclude Include="../include/AppCore/Global.inl">
      <Filter>Header Files</Filter>
    </ClInclude>
    <ClInclude Include="../include/AppCore/Logging.inl">
      <Filter>Header Files</Filter>
    </ClInclude>
    <ClInclude Include="../include/Dialogs/Dialogs.inl">
      <Filter>Header Files</Filter>
    </ClInclude>
    <ClInclude Include="../include/Framework/Framework.inl">
      <Filter>Header Files</Filter>
    </ClInclude>
  </ItemGroup>
  <ItemGroup>
    <ClCompile Include="../source/AppCore/AppCore.cpp">
      <Filter>Source Files</Filter>
    </ClCompile>
    <ClCompile Include="../source/AppCore/Global.cpp">
      <Filter>Source Files</Filter>
    </ClCompile>
    <ClCompile Include="../source/AppCore/IDManager.cpp">
      <Filter>Source Files</Filter>
    </ClCompile>
    <ClCompile Include="../source/AppCore/Logging.cpp">
      <Filter>Source Files</Filter>
    </ClCompile>
    <ClCompile Include="../source/AppCore/MapTable.cpp">
      <Filter>Source Files</Filter>
    </ClCompile>
    <ClCompile Include="../source/AppCore/Serialization.cpp">
      <Filter>Source Files</Filter>
    </ClCompile>
    <ClCompile Include="../source/Components/GridCtrl/GridCell.cpp">
      <Filter>Source Files</Filter>
    </ClCompile>
    <ClCompile Include="../source/Components/GridCtrl/GridCellBase.cpp">
      <Filter>Source Files</Filter>
    </ClCompile>
    <ClCompile Include="../source/Components/GridCtrl/GridCellCheck.cpp">
      <Filter>Source Files</Filter>
    </ClCompile>
    <ClCompile Include="../source/Components/GridCtrl/GridCtrl.cpp">
      <Filter>Source Files</Filter>
    </ClCompile>
    <ClCompile Include="../source/Components/GridCtrl/InPlaceEdit.cpp">
      <Filter>Source Files</Filter>
    </ClCompile>
    <ClCompile Include="../source/Components/GridCtrl/TitleTip.cpp">
      <Filter>Source Files</Filter>
    </ClCompile>
    <ClCompile Include="../source/Dialogs/AboutDlg.cpp">
      <Filter>Source Files</Filter>
    </ClCompile>
    <ClCompile Include="../source/Dialogs/CustomMsgDlg.cpp">
      <Filter>Source Files</Filter>
    </ClCompile>
    <ClCompile Include="../source/Dialogs/DebugTestDlg.cpp">
      <Filter>Source Files</Filter>
    </ClCompile>
    <ClCompile Include="../source/Dialogs/DebugTestV2Dlg.cpp">
      <Filter>Source Files</Filter>
    </ClCompile>
    <ClCompile Include="../source/Dialogs/EditScheduleDlg.cpp">
      <Filter>Source Files</Filter>
    </ClCompile>
    <ClCompile Include="../source/Dialogs/HelpDlg.cpp">
      <Filter>Source Files</Filter>
    </ClCompile>
    <ClCompile Include="../source/Dialogs/HotkeySetDlg.cpp">
      <Filter>Source Files</Filter>
    </ClCompile>
    <ClCompile Include="../source/Dialogs/LogViewerDlg.cpp">
      <Filter>Source Files</Filter>
    </ClCompile>
    <ClCompile Include="../source/Dialogs/MultiScheduleDlg.cpp">
      <Filter>Source Files</Filter>
    </ClCompile>
    <ClCompile Include="../source/Dialogs/PwrReminderDlg.cpp">
      <Filter>Source Files</Filter>
    </ClCompile>
    <ClCompile Include="../source/Dialogs/ReminderMsgDlg.cpp">
      <Filter>Source Files</Filter>
    </ClCompile>
    <ClCompile Include="../source/Dialogs/RmdRepeatSetDlg.cpp">
      <Filter>Source Files</Filter>
    </ClCompile>
    <ClCompile Include="../source/Framework/SDialog.cpp">
      <Filter>Source Files</Filter>
    </ClCompile>
    <ClCompile Include="../source/Framework/SElements.cpp">
      <Filter>Source Files</Filter>
    </ClCompile>
    <ClCompile Include="../source/Framework/SWinApp.cpp">
      <Filter>Source Files</Filter>
    </ClCompile>
    <ClCompile Include="../source/MainApp/PowerPlus.cpp">
      <Filter>Source Files</Filter>
    </ClCompile>
    <ClCompile Include="../source/MainApp/PowerPlusDlg.cpp">
      <Filter>Source Files</Filter>
    </ClCompile>
    <ClCompile Include="../source/MainApp/PowerPlusDlgFunc.cpp">
      <Filter>Source Files</Filter>
    </ClCompile>
  </ItemGroup>
  <ItemGroup>
    <ResourceCompile Include="../res/PowerPlusApp.rc">
      <Filter>Resource Files</Filter>
    </ResourceCompile>
    <ResourceCompile Include="../res/VersionInfo.rc">
      <Filter>Resource Files</Filter>
    </ResourceCompile>
  </ItemGroup>
  <ItemGroup>
    <Image Include="../res/icons/default/power-plus-app.ico">
      <Filter>Resource Files</Filter>
    </Image>
    <Image Include="../res/icons/default/about-big.ico">
      <Filter>Resource Files</Filter>
    </Image>
    <Image Include="../res/icons/default/about-small.ico">
      <Filter>Resource Files</Filter>
    </Image>
    <Image Include="../res/icons/default/help-big.ico">
      <Filter>Resource Files</Filter>
    </Image>
    <Image Include="../res/icons/default/help-small.ico">
      <Filter>Resource Files</Filter>
    </Image>
    <Image Include="../res/icons/default/ok-big.ico">
      <Filter>Resource Files</Filter>
    </Image>
    <Image Include="../res/icons/default/ok-small.ico">
      <Filter>Resource Files</Filter>
    </Image>
    <Image Include="../res/icons/default/cancel-small.ico">
      <Filter>Resource Files</Filter>
    </Image>
    <Image Include="../res/icons/default/collapse.ico">
      <Filter>Resource Files</Filter>
    </Image>
    <Image Include="../res/icons/default/repeat.ico">
      <Filter>Resource Files</Filter>
    </Image>
    <Image Include="../res/icons/default/power-bold.ico">
      <Filter>Resource Files</Filter>
    </Image>
    <Image Include="../res/icons/default/power-slim.ico">
      <Filter>Resource Files</Filter>
    </Image>
    <Image Include="../res/icons/default/draft.ico">
      <Filter>Resource Files</Filter>
    </Image>
    <Image Include="../res/icons/default/default-big.ico">
      <Filter>Resource Files</Filter>
    </Image>
    <Image Include="../res/icons/default/default-small.ico">
      <Filter>Resource Files</Filter>
    </Image>
    <Image Include="../res/icons/default/cancel-big.ico">
      <Filter>Resource Files</Filter>
    </Image>
    <Image Include="../res/icons/default/reload-big.ico">
      <Filter>Resource Files</Filter>
    </Image>
    <Image Include="../res/icons/default/reload-small.ico">
      <Filter>Resource Files</Filter>
    </Image>
    <Image Include="../res/icons/default/arrow-up-big.ico">
      <Filter>Resource Files</Filter>
    </Image>
    <Image Include="../res/icons/default/arrow-up-small.ico">
      <Filter>Resource Files</Filter>
    </Image>
    <Image Include="../res/icons/default/arrow-down-big.ico">
      <Filter>Resource Files</Filter>
    </Image>
    <Image Include="../res/icons/default/arrow-down-small.ico">
      <Filter>Resource Files</Filter>
    </Image>
  </ItemGroup>
  <ItemGroup>
    <Text Include="../res/texts/help/chinese.hlps">
      <Filter>Resource Files</Filter>
    </Text>
    <Text Include="../res/texts/help/english.hlps">
      <Filter>Resource Files</Filter>
    </Text>
    <Text Include="../res/texts/help/vietnamese.hlps">
      <Filter>Resource Files</Filter>
    </Text>
    <Text Include="../res/texts/changelog/chinese.hlps">
      <Filter>Resource Files</Filter>
    </Text>
    <Text Include="../res/texts/changelog/english.hlps">
      <Filter>Resource Files</Filter>
    </Text>
    <Text Include="../res/texts/changelog/vietnamese.hlps">
      <Filter>Resource Files</Filter>
    </Text>
    <Text Include="../res/texts/debug-cmd-list.hlps">
      <Filter>Resource Files</Filter>
    </Text>
  </ItemGroup>
  <ItemGroup>
    <Manifest Include="../res/texts/manifests/power++.exe.manifest">
      <Filter>Resource Files</Filter>
	</Manifest>
  </ItemGroup>
</Project>